
Microsoft Visual Studio Solution File, Format Version 12.00
# Visual Studio Version 17
VisualStudioVersion = 17.2.32616.157
MinimumVisualStudioVersion = 10.0.40219.1
Project("{FAE04EC0-301F-11D3-BF4B-00C04F79EFBC}") = "exercise_3", "exercise_3.csproj", "{10184616-6945-4B92-A284-C1F3437A2429}"
EndProject
Global
	GlobalSection(SolutionConfigurationPlatforms) = preSolution
		Debug|Any CPU = Debug|Any CPU
		Release|Any CPU = Release|Any CPU
	EndGlobalSection
	GlobalSection(ProjectConfigurationPlatforms) = postSolution
		{10184616-6945-4B92-A284-C1F3437A2429}.Debug|Any CPU.ActiveCfg = Debug|Any CPU
		{10184616-6945-4B92-A284-C1F3437A2429}.Debug|Any CPU.Build.0 = Debug|Any CPU
		{10184616-6945-4B92-A284-C1F3437A2429}.Release|Any CPU.ActiveCfg = Release|Any CPU
		{10184616-6945-4B92-A284-C1F3437A2429}.Release|Any CPU.Build.0 = Release|Any CPU
	EndGlobalSection
	GlobalSection(SolutionProperties) = preSolution
		HideSolutionNode = FALSE
	EndGlobalSection
	GlobalSection(ExtensibilityGlobals) = postSolution
		SolutionGuid = {E7E7D43F-8A5B-4B5C-B471-DC74172EBE90}
	EndGlobalSection
EndGlobal
